// !$*UTF8*$!
{
	archiveVersion = 1;
	classes = {
	};
	objectVersion = 77;
	objects = {

/* Begin PBXBuildFile section */
		5A02B31C2DAF003000A30261 /* FirebaseAuth in Frameworks */ = {isa = PBXBuildFile; productRef = 5A02B31B2DAF003000A30261 /* FirebaseAuth */; };
		5A02B31E2DAF003000A30261 /* FirebaseFirestore in Frameworks */ = {isa = PBXBuildFile; productRef = 5A02B31D2DAF003000A30261 /* FirebaseFirestore */; };
		5A02B3202DAF003000A30261 /* FirebaseStorage in Frameworks */ = {isa = PBXBuildFile; productRef = 5A02B31F2DAF003000A30261 /* FirebaseStorage */; };
		5A7D53A22DB1872B00A1812C /* EntryViewModel.swift in Sources */ = {isa = PBXBuildFile; fileRef = 5A7D53A12DB1872B00A1812C /* EntryViewModel.swift */; };
		5A910A592DAF2CA900FDD087 /* Preview Assets.xcassets in Resources */ = {isa = PBXBuildFile; fileRef = 5A910A512DAF2CA900FDD087 /* Preview Assets.xcassets */; };
		5A910A5A2DAF2CA900FDD087 /* Assets.xcassets in Resources */ = {isa = PBXBuildFile; fileRef = 5A910A532DAF2CA900FDD087 /* Assets.xcassets */; };
		5A910A5B2DAF2CA900FDD087 /* GoogleService-Info.plist in Resources */ = {isa = PBXBuildFile; fileRef = 5A910A542DAF2CA900FDD087 /* GoogleService-Info.plist */; };
		5A910A5C2DAF2CA900FDD087 /* LoginView.swift in Sources */ = {isa = PBXBuildFile; fileRef = 5A910A552DAF2CA900FDD087 /* LoginView.swift */; };
		5A910A5D2DAF2CA900FDD087 /* memoraApp.swift in Sources */ = {isa = PBXBuildFile; fileRef = 5A910A562DAF2CA900FDD087 /* memoraApp.swift */; };
		5A910A5E2DAF2CA900FDD087 /* MonthView.swift in Sources */ = {isa = PBXBuildFile; fileRef = 5A910A572DAF2CA900FDD087 /* MonthView.swift */; };
		5A910A602DAF5D2300FDD087 /* Entry.swift in Sources */ = {isa = PBXBuildFile; fileRef = 5A910A5F2DAF5D2300FDD087 /* Entry.swift */; };
		5A910A622DAF5E2A00FDD087 /* EntryView.swift in Sources */ = {isa = PBXBuildFile; fileRef = 5A910A612DAF5E2A00FDD087 /* EntryView.swift */; };
		5A910A662DAF8AEE00FDD087 /* CalendarWrapper.swift in Sources */ = {isa = PBXBuildFile; fileRef = 5A910A652DAF8AEE00FDD087 /* CalendarWrapper.swift */; };
		5AC4A9832DB8215200B58922 /* PhotoView.swift in Sources */ = {isa = PBXBuildFile; fileRef = 5AC4A9822DB8215200B58922 /* PhotoView.swift */; };
		5AC4A9852DB827DA00B58922 /* Photo.swift in Sources */ = {isa = PBXBuildFile; fileRef = 5AC4A9842DB827DA00B58922 /* Photo.swift */; };
		5AC4A9872DB8284400B58922 /* PhotoViewModel.swift in Sources */ = {isa = PBXBuildFile; fileRef = 5AC4A9862DB8284400B58922 /* PhotoViewModel.swift */; };
		5AC4A9FB2DB96A1B00B58922 /* SpeechRecognizer.swift in Sources */ = {isa = PBXBuildFile; fileRef = 5AC4A9FA2DB96A1B00B58922 /* SpeechRecognizer.swift */; };
/* End PBXBuildFile section */

/* Begin PBXFileReference section */
		5A02B3092DAEFEB700A30261 /* memora.app */ = {isa = PBXFileReference; explicitFileType = wrapper.application; includeInIndex = 0; path = memora.app; sourceTree = BUILT_PRODUCTS_DIR; };
		5A7D53A12DB1872B00A1812C /* EntryViewModel.swift */ = {isa = PBXFileReference; lastKnownFileType = sourcecode.swift; path = EntryViewModel.swift; sourceTree = "<group>"; };
		5A910A512DAF2CA900FDD087 /* Preview Assets.xcassets */ = {isa = PBXFileReference; lastKnownFileType = folder.assetcatalog; path = "Preview Assets.xcassets"; sourceTree = "<group>"; };
		5A910A532DAF2CA900FDD087 /* Assets.xcassets */ = {isa = PBXFileReference; lastKnownFileType = folder.assetcatalog; path = Assets.xcassets; sourceTree = "<group>"; };
		5A910A542DAF2CA900FDD087 /* GoogleService-Info.plist */ = {isa = PBXFileReference; lastKnownFileType = text.plist.xml; path = "GoogleService-Info.plist"; sourceTree = "<group>"; };
		5A910A552DAF2CA900FDD087 /* LoginView.swift */ = {isa = PBXFileReference; lastKnownFileType = sourcecode.swift; path = LoginView.swift; sourceTree = "<group>"; };
		5A910A562DAF2CA900FDD087 /* memoraApp.swift */ = {isa = PBXFileReference; lastKnownFileType = sourcecode.swift; path = memoraApp.swift; sourceTree = "<group>"; };
		5A910A572DAF2CA900FDD087 /* MonthView.swift */ = {isa = PBXFileReference; lastKnownFileType = sourcecode.swift; path = MonthView.swift; sourceTree = "<group>"; };
		5A910A5F2DAF5D2300FDD087 /* Entry.swift */ = {isa = PBXFileReference; lastKnownFileType = sourcecode.swift; path = Entry.swift; sourceTree = "<group>"; };
		5A910A612DAF5E2A00FDD087 /* EntryView.swift */ = {isa = PBXFileReference; lastKnownFileType = sourcecode.swift; path = EntryView.swift; sourceTree = "<group>"; };
		5A910A652DAF8AEE00FDD087 /* CalendarWrapper.swift */ = {isa = PBXFileReference; lastKnownFileType = sourcecode.swift; path = CalendarWrapper.swift; sourceTree = "<group>"; };
		5AC4A9822DB8215200B58922 /* PhotoView.swift */ = {isa = PBXFileReference; lastKnownFileType = sourcecode.swift; path = PhotoView.swift; sourceTree = "<group>"; };
		5AC4A9842DB827DA00B58922 /* Photo.swift */ = {isa = PBXFileReference; lastKnownFileType = sourcecode.swift; path = Photo.swift; sourceTree = "<group>"; };
		5AC4A9862DB8284400B58922 /* PhotoViewModel.swift */ = {isa = PBXFileReference; lastKnownFileType = sourcecode.swift; path = PhotoViewModel.swift; sourceTree = "<group>"; };
		5AC4A9FA2DB96A1B00B58922 /* SpeechRecognizer.swift */ = {isa = PBXFileReference; lastKnownFileType = sourcecode.swift; path = SpeechRecognizer.swift; sourceTree = "<group>"; };
/* End PBXFileReference section */

/* Begin PBXFrameworksBuildPhase section */
		5A02B3062DAEFEB700A30261 /* Frameworks */ = {
			isa = PBXFrameworksBuildPhase;
			buildActionMask = 2147483647;
			files = (
				5A02B31C2DAF003000A30261 /* FirebaseAuth in Frameworks */,
				5A02B31E2DAF003000A30261 /* FirebaseFirestore in Frameworks */,
				5A02B3202DAF003000A30261 /* FirebaseStorage in Frameworks */,
			);
			runOnlyForDeploymentPostprocessing = 0;
		};
/* End PBXFrameworksBuildPhase section */

/* Begin PBXGroup section */
		5A02B3002DAEFEB700A30261 = {
			isa = PBXGroup;
			children = (
				5A910A582DAF2CA900FDD087 /* memora */,
				5A02B30A2DAEFEB700A30261 /* Products */,
			);
			sourceTree = "<group>";
		};
		5A02B30A2DAEFEB700A30261 /* Products */ = {
			isa = PBXGroup;
			children = (
				5A02B3092DAEFEB700A30261 /* memora.app */,
			);
			name = Products;
			sourceTree = "<group>";
		};
		5A910A522DAF2CA900FDD087 /* Preview Content */ = {
			isa = PBXGroup;
			children = (
				5A910A512DAF2CA900FDD087 /* Preview Assets.xcassets */,
			);
			path = "Preview Content";
			sourceTree = "<group>";
		};
		5A910A582DAF2CA900FDD087 /* memora */ = {
			isa = PBXGroup;
			children = (
				5AC4A9C42DB8916A00B58922 /* Models */,
				5AC4A9C32DB8916100B58922 /* ViewModels */,
				5AC4A9C22DB8915900B58922 /* Views */,
				5A910A532DAF2CA900FDD087 /* Assets.xcassets */,
				5A910A562DAF2CA900FDD087 /* memoraApp.swift */,
				5A910A652DAF8AEE00FDD087 /* CalendarWrapper.swift */,
				5A910A542DAF2CA900FDD087 /* GoogleService-Info.plist */,
				5A910A522DAF2CA900FDD087 /* Preview Content */,
			);
			path = memora;
			sourceTree = "<group>";
		};
		5AC4A9C22DB8915900B58922 /* Views */ = {
			isa = PBXGroup;
			children = (
				5A910A612DAF5E2A00FDD087 /* EntryView.swift */,
				5AC4A9822DB8215200B58922 /* PhotoView.swift */,
				5A910A552DAF2CA900FDD087 /* LoginView.swift */,
				5A910A572DAF2CA900FDD087 /* MonthView.swift */,
			);
			path = Views;
			sourceTree = "<group>";
		};
		5AC4A9C32DB8916100B58922 /* ViewModels */ = {
			isa = PBXGroup;
			children = (
				5A7D53A12DB1872B00A1812C /* EntryViewModel.swift */,
				5AC4A9862DB8284400B58922 /* PhotoViewModel.swift */,
			);
			path = ViewModels;
			sourceTree = "<group>";
		};
		5AC4A9C42DB8916A00B58922 /* Models */ = {
			isa = PBXGroup;
			children = (
				5A910A5F2DAF5D2300FDD087 /* Entry.swift */,
				5AC4A9FA2DB96A1B00B58922 /* SpeechRecognizer.swift */,
				5AC4A9842DB827DA00B58922 /* Photo.swift */,
			);
			path = Models;
			sourceTree = "<group>";
		};
/* End PBXGroup section */

/* Begin PBXNativeTarget section */
		5A02B3082DAEFEB700A30261 /* memora */ = {
			isa = PBXNativeTarget;
			buildConfigurationList = 5A02B3172DAEFEB900A30261 /* Build configuration list for PBXNativeTarget "memora" */;
			buildPhases = (
				5A02B3052DAEFEB700A30261 /* Sources */,
				5A02B3062DAEFEB700A30261 /* Frameworks */,
				5A02B3072DAEFEB700A30261 /* Resources */,
			);
			buildRules = (
			);
			dependencies = (
			);
			name = memora;
			packageProductDependencies = (
				5A02B31B2DAF003000A30261 /* FirebaseAuth */,
				5A02B31D2DAF003000A30261 /* FirebaseFirestore */,
				5A02B31F2DAF003000A30261 /* FirebaseStorage */,
			);
			productName = memora;
			productReference = 5A02B3092DAEFEB700A30261 /* memora.app */;
			productType = "com.apple.product-type.application";
		};
/* End PBXNativeTarget section */

/* Begin PBXProject section */
		5A02B3012DAEFEB700A30261 /* Project object */ = {
			isa = PBXProject;
			attributes = {
				BuildIndependentTargetsInParallel = 1;
				LastSwiftUpdateCheck = 1620;
				LastUpgradeCheck = 1620;
				TargetAttributes = {
					5A02B3082DAEFEB700A30261 = {
						CreatedOnToolsVersion = 16.2;
					};
				};
			};
			buildConfigurationList = 5A02B3042DAEFEB700A30261 /* Build configuration list for PBXProject "memora" */;
			developmentRegion = en;
			hasScannedForEncodings = 0;
			knownRegions = (
				en,
				Base,
			);
			mainGroup = 5A02B3002DAEFEB700A30261;
			minimizedProjectReferenceProxies = 1;
			packageReferences = (
				5A02B31A2DAF003000A30261 /* XCRemoteSwiftPackageReference "firebase-ios-sdk" */,
			);
			preferredProjectObjectVersion = 77;
			productRefGroup = 5A02B30A2DAEFEB700A30261 /* Products */;
			projectDirPath = "";
			projectRoot = "";
			targets = (
				5A02B3082DAEFEB700A30261 /* memora */,
			);
		};
/* End PBXProject section */

/* Begin PBXResourcesBuildPhase section */
		5A02B3072DAEFEB700A30261 /* Resources */ = {
			isa = PBXResourcesBuildPhase;
			buildActionMask = 2147483647;
			files = (
				5A910A592DAF2CA900FDD087 /* Preview Assets.xcassets in Resources */,
				5A910A5A2DAF2CA900FDD087 /* Assets.xcassets in Resources */,
				5A910A5B2DAF2CA900FDD087 /* GoogleService-Info.plist in Resources */,
			);
			runOnlyForDeploymentPostprocessing = 0;
		};
/* End PBXResourcesBuildPhase section */

/* Begin PBXSourcesBuildPhase section */
		5A02B3052DAEFEB700A30261 /* Sources */ = {
			isa = PBXSourcesBuildPhase;
			buildActionMask = 2147483647;
			files = (
				5A910A602DAF5D2300FDD087 /* Entry.swift in Sources */,
				5A910A5C2DAF2CA900FDD087 /* LoginView.swift in Sources */,
				5AC4A9FB2DB96A1B00B58922 /* SpeechRecognizer.swift in Sources */,
				5A910A622DAF5E2A00FDD087 /* EntryView.swift in Sources */,
				5AC4A9852DB827DA00B58922 /* Photo.swift in Sources */,
				5A7D53A22DB1872B00A1812C /* EntryViewModel.swift in Sources */,
				5A910A5D2DAF2CA900FDD087 /* memoraApp.swift in Sources */,
				5A910A5E2DAF2CA900FDD087 /* MonthView.swift in Sources */,
				5A910A662DAF8AEE00FDD087 /* CalendarWrapper.swift in Sources */,
				5AC4A9832DB8215200B58922 /* PhotoView.swift in Sources */,
				5AC4A9872DB8284400B58922 /* PhotoViewModel.swift in Sources */,
			);
			runOnlyForDeploymentPostprocessing = 0;
		};
/* End PBXSourcesBuildPhase section */

/* Begin XCBuildConfiguration section */
		5A02B3152DAEFEB900A30261 /* Debug */ = {
			isa = XCBuildConfiguration;
			buildSettings = {
				ALWAYS_SEARCH_USER_PATHS = NO;
				ASSETCATALOG_COMPILER_GENERATE_SWIFT_ASSET_SYMBOL_EXTENSIONS = YES;
				CLANG_ANALYZER_NONNULL = YES;
				CLANG_ANALYZER_NUMBER_OBJECT_CONVERSION = YES_AGGRESSIVE;
				CLANG_CXX_LANGUAGE_STANDARD = "gnu++20";
				CLANG_ENABLE_MODULES = YES;
				CLANG_ENABLE_OBJC_ARC = YES;
				CLANG_ENABLE_OBJC_WEAK = YES;
				CLANG_WARN_BLOCK_CAPTURE_AUTORELEASING = YES;
				CLANG_WARN_BOOL_CONVERSION = YES;
				CLANG_WARN_COMMA = YES;
				CLANG_WARN_CONSTANT_CONVERSION = YES;
				CLANG_WARN_DEPRECATED_OBJC_IMPLEMENTATIONS = YES;
				CLANG_WARN_DIRECT_OBJC_ISA_USAGE = YES_ERROR;
				CLANG_WARN_DOCUMENTATION_COMMENTS = YES;
				CLANG_WARN_EMPTY_BODY = YES;
				CLANG_WARN_ENUM_CONVERSION = YES;
				CLANG_WARN_INFINITE_RECURSION = YES;
				CLANG_WARN_INT_CONVERSION = YES;
				CLANG_WARN_NON_LITERAL_NULL_CONVERSION = YES;
				CLANG_WARN_OBJC_IMPLICIT_RETAIN_SELF = YES;
				CLANG_WARN_OBJC_LITERAL_CONVERSION = YES;
				CLANG_WARN_OBJC_ROOT_CLASS = YES_ERROR;
				CLANG_WARN_QUOTED_INCLUDE_IN_FRAMEWORK_HEADER = YES;
				CLANG_WARN_RANGE_LOOP_ANALYSIS = YES;
				CLANG_WARN_STRICT_PROTOTYPES = YES;
				CLANG_WARN_SUSPICIOUS_MOVE = YES;
				CLANG_WARN_UNGUARDED_AVAILABILITY = YES_AGGRESSIVE;
				CLANG_WARN_UNREACHABLE_CODE = YES;
				CLANG_WARN__DUPLICATE_METHOD_MATCH = YES;
				COPY_PHASE_STRIP = NO;
				DEBUG_INFORMATION_FORMAT = dwarf;
				ENABLE_STRICT_OBJC_MSGSEND = YES;
				ENABLE_TESTABILITY = YES;
				ENABLE_USER_SCRIPT_SANDBOXING = YES;
				GCC_C_LANGUAGE_STANDARD = gnu17;
				GCC_DYNAMIC_NO_PIC = NO;
				GCC_NO_COMMON_BLOCKS = YES;
				GCC_OPTIMIZATION_LEVEL = 0;
				GCC_PREPROCESSOR_DEFINITIONS = (
					"DEBUG=1",
					"$(inherited)",
				);
				GCC_WARN_64_TO_32_BIT_CONVERSION = YES;
				GCC_WARN_ABOUT_RETURN_TYPE = YES_ERROR;
				GCC_WARN_UNDECLARED_SELECTOR = YES;
				GCC_WARN_UNINITIALIZED_AUTOS = YES_AGGRESSIVE;
				GCC_WARN_UNUSED_FUNCTION = YES;
				GCC_WARN_UNUSED_VARIABLE = YES;
				IPHONEOS_DEPLOYMENT_TARGET = 18.2;
				LOCALIZATION_PREFERS_STRING_CATALOGS = YES;
				MTL_ENABLE_DEBUG_INFO = INCLUDE_SOURCE;
				MTL_FAST_MATH = YES;
				ONLY_ACTIVE_ARCH = YES;
				SDKROOT = iphoneos;
				SWIFT_ACTIVE_COMPILATION_CONDITIONS = "DEBUG $(inherited)";
				SWIFT_OPTIMIZATION_LEVEL = "-Onone";
			};
			name = Debug;
		};
		5A02B3162DAEFEB900A30261 /* Release */ = {
			isa = XCBuildConfiguration;
			buildSettings = {
				ALWAYS_SEARCH_USER_PATHS = NO;
				ASSETCATALOG_COMPILER_GENERATE_SWIFT_ASSET_SYMBOL_EXTENSIONS = YES;
				CLANG_ANALYZER_NONNULL = YES;
				CLANG_ANALYZER_NUMBER_OBJECT_CONVERSION = YES_AGGRESSIVE;
				CLANG_CXX_LANGUAGE_STANDARD = "gnu++20";
				CLANG_ENABLE_MODULES = YES;
				CLANG_ENABLE_OBJC_ARC = YES;
				CLANG_ENABLE_OBJC_WEAK = YES;
				CLANG_WARN_BLOCK_CAPTURE_AUTORELEASING = YES;
				CLANG_WARN_BOOL_CONVERSION = YES;
				CLANG_WARN_COMMA = YES;
				CLANG_WARN_CONSTANT_CONVERSION = YES;
				CLANG_WARN_DEPRECATED_OBJC_IMPLEMENTATIONS = YES;
				CLANG_WARN_DIRECT_OBJC_ISA_USAGE = YES_ERROR;
				CLANG_WARN_DOCUMENTATION_COMMENTS = YES;
				CLANG_WARN_EMPTY_BODY = YES;
				CLANG_WARN_ENUM_CONVERSION = YES;
				CLANG_WARN_INFINITE_RECURSION = YES;
				CLANG_WARN_INT_CONVERSION = YES;
				CLANG_WARN_NON_LITERAL_NULL_CONVERSION = YES;
				CLANG_WARN_OBJC_IMPLICIT_RETAIN_SELF = YES;
				CLANG_WARN_OBJC_LITERAL_CONVERSION = YES;
				CLANG_WARN_OBJC_ROOT_CLASS = YES_ERROR;
				CLANG_WARN_QUOTED_INCLUDE_IN_FRAMEWORK_HEADER = YES;
				CLANG_WARN_RANGE_LOOP_ANALYSIS = YES;
				CLANG_WARN_STRICT_PROTOTYPES = YES;
				CLANG_WARN_SUSPICIOUS_MOVE = YES;
				CLANG_WARN_UNGUARDED_AVAILABILITY = YES_AGGRESSIVE;
				CLANG_WARN_UNREACHABLE_CODE = YES;
				CLANG_WARN__DUPLICATE_METHOD_MATCH = YES;
				COPY_PHASE_STRIP = NO;
				DEBUG_INFORMATION_FORMAT = "dwarf-with-dsym";
				ENABLE_NS_ASSERTIONS = NO;
				ENABLE_STRICT_OBJC_MSGSEND = YES;
				ENABLE_USER_SCRIPT_SANDBOXING = YES;
				GCC_C_LANGUAGE_STANDARD = gnu17;
				GCC_NO_COMMON_BLOCKS = YES;
				GCC_WARN_64_TO_32_BIT_CONVERSION = YES;
				GCC_WARN_ABOUT_RETURN_TYPE = YES_ERROR;
				GCC_WARN_UNDECLARED_SELECTOR = YES;
				GCC_WARN_UNINITIALIZED_AUTOS = YES_AGGRESSIVE;
				GCC_WARN_UNUSED_FUNCTION = YES;
				GCC_WARN_UNUSED_VARIABLE = YES;
				IPHONEOS_DEPLOYMENT_TARGET = 18.2;
				LOCALIZATION_PREFERS_STRING_CATALOGS = YES;
				MTL_ENABLE_DEBUG_INFO = NO;
				MTL_FAST_MATH = YES;
				SDKROOT = iphoneos;
				SWIFT_COMPILATION_MODE = wholemodule;
				VALIDATE_PRODUCT = YES;
			};
			name = Release;
		};
		5A02B3182DAEFEB900A30261 /* Debug */ = {
			isa = XCBuildConfiguration;
			buildSettings = {
				ASSETCATALOG_COMPILER_APPICON_NAME = AppIcon;
				ASSETCATALOG_COMPILER_GLOBAL_ACCENT_COLOR_NAME = AccentColor;
				CODE_SIGN_STYLE = Automatic;
				CURRENT_PROJECT_VERSION = 1;
				DEVELOPMENT_ASSET_PATHS = "\"memora/Preview Content\"";
				DEVELOPMENT_TEAM = RPR7B8Y24H;
				ENABLE_PREVIEWS = YES;
				GENERATE_INFOPLIST_FILE = YES;
				INFOPLIST_KEY_NSMicrophoneUsageDescription = "Audio is recorded to transcribe the meeting. Audio recordings are discarded after transcription.";
				INFOPLIST_KEY_NSSpeechRecognitionUsageDescription = "You can view a transcription of your voice audio in the app.";
				INFOPLIST_KEY_UIApplicationSceneManifest_Generation = YES;
				INFOPLIST_KEY_UIApplicationSupportsIndirectInputEvents = YES;
				INFOPLIST_KEY_UILaunchScreen_Generation = YES;
				INFOPLIST_KEY_UISupportedInterfaceOrientations_iPad = "UIInterfaceOrientationPortrait UIInterfaceOrientationPortraitUpsideDown UIInterfaceOrientationLandscapeLeft UIInterfaceOrientationLandscapeRight";
				INFOPLIST_KEY_UISupportedInterfaceOrientations_iPhone = "UIInterfaceOrientationPortrait UIInterfaceOrientationLandscapeLeft UIInterfaceOrientationLandscapeRight";
				LD_RUNPATH_SEARCH_PATHS = (
					"$(inherited)",
					"@executable_path/Frameworks",
				);
				MARKETING_VERSION = 1.0;
				PRODUCT_BUNDLE_IDENTIFIER = com.iwase.memora;
				PRODUCT_NAME = "$(TARGET_NAME)";
				SWIFT_EMIT_LOC_STRINGS = YES;
				SWIFT_VERSION = 5.0;
				TARGETED_DEVICE_FAMILY = "1,2";
			};
			name = Debug;
		};
		5A02B3192DAEFEB900A30261 /* Release */ = {
			isa = XCBuildConfiguration;
			buildSettings = {
				ASSETCATALOG_COMPILER_APPICON_NAME = AppIcon;
				ASSETCATALOG_COMPILER_GLOBAL_ACCENT_COLOR_NAME = AccentColor;
				CODE_SIGN_STYLE = Automatic;
				CURRENT_PROJECT_VERSION = 1;
				DEVELOPMENT_ASSET_PATHS = "\"memora/Preview Content\"";
				DEVELOPMENT_TEAM = RPR7B8Y24H;
				ENABLE_PREVIEWS = YES;
				GENERATE_INFOPLIST_FILE = YES;
				INFOPLIST_KEY_NSMicrophoneUsageDescription = "Audio is recorded to transcribe the meeting. Audio recordings are discarded after transcription.";
				INFOPLIST_KEY_NSSpeechRecognitionUsageDescription = "You can view a transcription of your voice audio in the app.";
				INFOPLIST_KEY_UIApplicationSceneManifest_Generation = YES;
				INFOPLIST_KEY_UIApplicationSupportsIndirectInputEvents = YES;
				INFOPLIST_KEY_UILaunchScreen_Generation = YES;
				INFOPLIST_KEY_UISupportedInterfaceOrientations_iPad = "UIInterfaceOrientationPortrait UIInterfaceOrientationPortraitUpsideDown UIInterfaceOrientationLandscapeLeft UIInterfaceOrientationLandscapeRight";
				INFOPLIST_KEY_UISupportedInterfaceOrientations_iPhone = "UIInterfaceOrientationPortrait UIInterfaceOrientationLandscapeLeft UIInterfaceOrientationLandscapeRight";
				LD_RUNPATH_SEARCH_PATHS = (
					"$(inherited)",
					"@executable_path/Frameworks",
				);
				MARKETING_VERSION = 1.0;
				PRODUCT_BUNDLE_IDENTIFIER = com.iwase.memora;
				PRODUCT_NAME = "$(TARGET_NAME)";
				SWIFT_EMIT_LOC_STRINGS = YES;
				SWIFT_VERSION = 5.0;
				TARGETED_DEVICE_FAMILY = "1,2";
			};
			name = Release;
		};
/* End XCBuildConfiguration section */

/* Begin XCConfigurationList section */
		5A02B3042DAEFEB700A30261 /* Build configuration list for PBXProject "memora" */ = {
			isa = XCConfigurationList;
			buildConfigurations = (
				5A02B3152DAEFEB900A30261 /* Debug */,
				5A02B3162DAEFEB900A30261 /* Release */,
			);
			defaultConfigurationIsVisible = 0;
			defaultConfigurationName = Release;
		};
		5A02B3172DAEFEB900A30261 /* Build configuration list for PBXNativeTarget "memora" */ = {
			isa = XCConfigurationList;
			buildConfigurations = (
				5A02B3182DAEFEB900A30261 /* Debug */,
				5A02B3192DAEFEB900A30261 /* Release */,
			);
			defaultConfigurationIsVisible = 0;
			defaultConfigurationName = Release;
		};
/* End XCConfigurationList section */

/* Begin XCRemoteSwiftPackageReference section */
		5A02B31A2DAF003000A30261 /* XCRemoteSwiftPackageReference "firebase-ios-sdk" */ = {
			isa = XCRemoteSwiftPackageReference;
			repositoryURL = "https://github.com/firebase/firebase-ios-sdk.git";
			requirement = {
				kind = upToNextMajorVersion;
				minimumVersion = 11.11.0;
			};
		};
/* End XCRemoteSwiftPackageReference section */

/* Begin XCSwiftPackageProductDependency section */
		5A02B31B2DAF003000A30261 /* FirebaseAuth */ = {
			isa = XCSwiftPackageProductDependency;
			package = 5A02B31A2DAF003000A30261 /* XCRemoteSwiftPackageReference "firebase-ios-sdk" */;
			productName = FirebaseAuth;
		};
		5A02B31D2DAF003000A30261 /* FirebaseFirestore */ = {
			isa = XCSwiftPackageProductDependency;
			package = 5A02B31A2DAF003000A30261 /* XCRemoteSwiftPackageReference "firebase-ios-sdk" */;
			productName = FirebaseFirestore;
		};
		5A02B31F2DAF003000A30261 /* FirebaseStorage */ = {
			isa = XCSwiftPackageProductDependency;
			package = 5A02B31A2DAF003000A30261 /* XCRemoteSwiftPackageReference "firebase-ios-sdk" */;
			productName = FirebaseStorage;
		};
/* End XCSwiftPackageProductDependency section */
	};
	rootObject = 5A02B3012DAEFEB700A30261 /* Project object */;
}
